PODS:
  - Flutter (1.0.0)
  - native_barcode_scanner (1.0.1):
    - Flutter

DEPENDENCIES:
  - Flutter (from `Flutter`)
  - native_barcode_scanner (from `.symlinks/plugins/native_barcode_scanner/ios`)

EXTERNAL SOURCES:
  Flutter:
    :path: Flutter
  native_barcode_scanner:
    :path: ".symlinks/plugins/native_barcode_scanner/ios"

SPEC CHECKSUMS:
  Flutter: f04841e97a9d0b0a8025694d0796dd46242b2854
  native_barcode_scanner: 2efd9d19d1d15cf362cb830a7befd3d699093107

PODFILE CHECKSUM: 70d9d25280d0dd177a5f637cdb0f0b0b12c6a189

COCOAPODS: 1.13.0
