PODS:
  - Flutter (1.0.0)
  - native_barcode_scanner (1.0.6):
    - Flutter

DEPENDENCIES:
  - Flutter (from `Flutter`)
  - native_barcode_scanner (from `.symlinks/plugins/native_barcode_scanner/ios`)

EXTERNAL SOURCES:
  Flutter:
    :path: Flutter
  native_barcode_scanner:
    :path: ".symlinks/plugins/native_barcode_scanner/ios"

SPEC CHECKSUMS:
  Flutter: e0871f40cf51350855a761d2e70bf5af5b9b5de7
  native_barcode_scanner: 27750fd518825625882e1d4ea469ab5e966ed237

PODFILE CHECKSUM: 819463e6a0290f5a72f145ba7cde16e8b6ef0796

COCOAPODS: 1.14.3
